# This file was autogenerated by Stack.
# You should not edit this file by hand.
# For more information, please see the documentation at:
#   https://docs.haskellstack.org/en/stable/topics/lock_files

packages:
- completed:
    hackage: ginger-0.10.6.0@sha256:047825338228f493135781d9a01481033c82ab3b02963e87ff4c5d465be94688,3188
    pantry-tree:
      sha256: d0cbd8cb0e47c00f307b34a0f51b1f2e08f39f85258831fb4aec954ed85db4af
      size: 1430
  original:
    hackage: ginger-0.10.6.0@sha256:047825338228f493135781d9a01481033c82ab3b02963e87ff4c5d465be94688,3188
- completed:
    hackage: monad-stm-0.1.0.2@sha256:68c509a631cbb2f49c3e8b37527d281e6fdafbedac63a4c6fa69c98f4e0b2506,1732
    pantry-tree:
      sha256: b9766739e8a87b3a8d34350673e49927fa4fcde5710b573d748b2d0cd5892cea
      size: 219
  original:
    hackage: monad-stm-0.1.0.2
- completed:
    hackage: supervisors-0.2.1.0@sha256:87fdab514df15c0079160f0f0dab04449fbc791b12edf21f7ccd56ff05d705c8,2121
    pantry-tree:
      sha256: 03ac9a330e5671369a520dc79e9f3e1dc556adb33dee17e472facbf20425564b
      size: 416
  original:
    hackage: supervisors-0.2.1.0
- completed:
    hackage: zenhack-prelude-0.1.1.0@sha256:1ffdc0ad17e7c25786ef671f5889c165b325265b6d85ef4518a38fb1c52c446a,960
    pantry-tree:
      sha256: e620f5d5831407f7f016e46e6c4bb70f3d3b7bdf650ff8227f531bc1c3092448
      size: 256
  original:
    hackage: zenhack-prelude-0.1.1.0
snapshots:
- completed:
    sha256: 7e724f347d5969cb5e8dde9f9aae30996e3231c29d1dafd45f21f1700d4c4fcb
    size: 684460
    url: https://raw.githubusercontent.com/commercialhaskell/stackage-snapshots/master/lts/23/28.yaml
  original: lts-23.28
