# This file was autogenerated by Stack.
# You should not edit this file by hand.
# For more information, please see the documentation at:
#   https://docs.haskellstack.org/en/stable/topics/lock_files

packages:
- completed:
    hackage: weeder-2.10.0@sha256:84db7d4d1efd3f2a92831084bbda77b6575c31677f549c5884e4c3c01f574046,3706
    pantry-tree:
      sha256: d9498b4f5b409c3d0988463c50bc301e3656568bb0487a8f13f96b04b1a59bde
      size: 6057
  original:
    hackage: weeder-2.10.0
snapshots:
- completed:
    sha256: 7e724f347d5969cb5e8dde9f9aae30996e3231c29d1dafd45f21f1700d4c4fcb
    size: 684460
    url: https://raw.githubusercontent.com/commercialhaskell/stackage-snapshots/master/lts/23/28.yaml
  original: lts-23.28
